
Microsoft Visual Studio Solution File, Format Version 12.00
# Visual Studio Version 17
VisualStudioVersion = 17.2.32630.192
MinimumVisualStudioVersion = 10.0.40219.1
Project("{FAE04EC0-301F-11D3-BF4B-00C04F79EFBC}") = "BancoFinags", "BancoFinags\BancoFinags.csproj", "{ACAEC4D8-62AB-4265-A479-73FAF1093BA2}"
EndProject
Global
	GlobalSection(SolutionConfigurationPlatforms) = preSolution
		Debug|Any CPU = Debug|Any CPU
		Release|Any CPU = Release|Any CPU
	EndGlobalSection
	GlobalSection(ProjectConfigurationPlatforms) = postSolution
		{ACAEC4D8-62AB-4265-A479-73FAF1093BA2}.Debug|Any CPU.ActiveCfg = Debug|Any CPU
		{ACAEC4D8-62AB-4265-A479-73FAF1093BA2}.Debug|Any CPU.Build.0 = Debug|Any CPU
		{ACAEC4D8-62AB-4265-A479-73FAF1093BA2}.Release|Any CPU.ActiveCfg = Release|Any CPU
		{ACAEC4D8-62AB-4265-A479-73FAF1093BA2}.Release|Any CPU.Build.0 = Release|Any CPU
	EndGlobalSection
	GlobalSection(SolutionProperties) = preSolution
		HideSolutionNode = FALSE
	EndGlobalSection
	GlobalSection(ExtensibilityGlobals) = postSolution
		SolutionGuid = {C963F641-F86A-4216-A1EA-E6BB6EA0E086}
	EndGlobalSection
EndGlobal
